// !$*UTF8*$!
{
	archiveVersion = 1;
	classes = {
	};
	objectVersion = 56;
	objects = {

/* Begin PBXBuildFile section */
		D947FDC22F306DA800F527DC /* NewsViperSWUIApp.swift in Sources */ = {isa = PBXBuildFile; fileRef = D947FDC12F306DA800F527DC /* NewsViperSWUIApp.swift */; };
		D947FDC42F306DA800F527DC /* ContentView.swift in Sources */ = {isa = PBXBuildFile; fileRef = D947FDC32F306DA800F527DC /* ContentView.swift */; };
		D947FDC62F306DAA00F527DC /* Assets.xcassets in Resources */ = {isa = PBXBuildFile; fileRef = D947FDC52F306DAA00F527DC /* Assets.xcassets */; };
		D947FDC92F306DAA00F527DC /* Preview Assets.xcassets in Resources */ = {isa = PBXBuildFile; fileRef = D947FDC82F306DAA00F527DC /* Preview Assets.xcassets */; };
		D947FDD32F306DAB00F527DC /* NewsViperSWUITests.swift in Sources */ = {isa = PBXBuildFile; fileRef = D947FDD22F306DAB00F527DC /* NewsViperSWUITests.swift */; };
		D947FDDD2F306DAB00F527DC /* NewsViperSWUIUITests.swift in Sources */ = {isa = PBXBuildFile; fileRef = D947FDDC2F306DAB00F527DC /* NewsViperSWUIUITests.swift */; };
		D947FDDF2F306DAB00F527DC /* NewsViperSWUIUITestsLaunchTests.swift in Sources */ = {isa = PBXBuildFile; fileRef = D947FDDE2F306DAB00F527DC /* NewsViperSWUIUITestsLaunchTests.swift */; };
		D947FDF12F30E90E00F527DC /* BaseService.swift in Sources */ = {isa = PBXBuildFile; fileRef = D947FDF02F30E90E00F527DC /* BaseService.swift */; };
		D947FDF32F30E93100F527DC /* APIEndpointModel.swift in Sources */ = {isa = PBXBuildFile; fileRef = D947FDF22F30E93100F527DC /* APIEndpointModel.swift */; };
		D947FDF52F30E95600F527DC /* endpointsDev.plist in Resources */ = {isa = PBXBuildFile; fileRef = D947FDF42F30E95600F527DC /* endpointsDev.plist */; };
		D947FDF72F30E99A00F527DC /* LaunchView.swift in Sources */ = {isa = PBXBuildFile; fileRef = D947FDF62F30E99A00F527DC /* LaunchView.swift */; };
		D947FDF92F30E9B700F527DC /* HomeView.swift in Sources */ = {isa = PBXBuildFile; fileRef = D947FDF82F30E9B700F527DC /* HomeView.swift */; };
		D947FDFB2F30E9D600F527DC /* PopularNewsView.swift in Sources */ = {isa = PBXBuildFile; fileRef = D947FDFA2F30E9D600F527DC /* PopularNewsView.swift */; };
		D947FDFD2F30EB5A00F527DC /* WebServicesNews.swift in Sources */ = {isa = PBXBuildFile; fileRef = D947FDFC2F30EB5A00F527DC /* WebServicesNews.swift */; };
		D947FDFF2F30EB8800F527DC /* NewsResponse.swift in Sources */ = {isa = PBXBuildFile; fileRef = D947FDFE2F30EB8800F527DC /* NewsResponse.swift */; };
		D947FE012F30EEC000F527DC /* NewsInteractor.swift in Sources */ = {isa = PBXBuildFile; fileRef = D947FE002F30EEC000F527DC /* NewsInteractor.swift */; };
		D947FE032F30F00300F527DC /* NewsPresenter.swift in Sources */ = {isa = PBXBuildFile; fileRef = D947FE022F30F00300F527DC /* NewsPresenter.swift */; };
		D947FE072F30F1FE00F527DC /* NewsRouter.swift in Sources */ = {isa = PBXBuildFile; fileRef = D947FE062F30F1FE00F527DC /* NewsRouter.swift */; };
		D947FE092F30F28500F527DC /* DetailsNewsView.swift in Sources */ = {isa = PBXBuildFile; fileRef = D947FE082F30F28500F527DC /* DetailsNewsView.swift */; };
/* End PBXBuildFile section */

/* Begin PBXContainerItemProxy section */
		D947FDCF2F306DAB00F527DC /* PBXContainerItemProxy */ = {
			isa = PBXContainerItemProxy;
			containerPortal = D947FDB62F306DA800F527DC /* Project object */;
			proxyType = 1;
			remoteGlobalIDString = D947FDBD2F306DA800F527DC;
			remoteInfo = NewsViperSWUI;
		};
		D947FDD92F306DAB00F527DC /* PBXContainerItemProxy */ = {
			isa = PBXContainerItemProxy;
			containerPortal = D947FDB62F306DA800F527DC /* Project object */;
			proxyType = 1;
			remoteGlobalIDString = D947FDBD2F306DA800F527DC;
			remoteInfo = NewsViperSWUI;
		};
/* End PBXContainerItemProxy section */

/* Begin PBXFileReference section */
		D947FDBE2F306DA800F527DC /* NewsViperSWUI.app */ = {isa = PBXFileReference; explicitFileType = wrapper.application; includeInIndex = 0; path = NewsViperSWUI.app; sourceTree = BUILT_PRODUCTS_DIR; };
		D947FDC12F306DA800F527DC /* NewsViperSWUIApp.swift */ = {isa = PBXFileReference; lastKnownFileType = sourcecode.swift; path = NewsViperSWUIApp.swift; sourceTree = "<group>"; };
		D947FDC32F306DA800F527DC /* ContentView.swift */ = {isa = PBXFileReference; lastKnownFileType = sourcecode.swift; path = ContentView.swift; sourceTree = "<group>"; };
		D947FDC52F306DAA00F527DC /* Assets.xcassets */ = {isa = PBXFileReference; lastKnownFileType = folder.assetcatalog; path = Assets.xcassets; sourceTree = "<group>"; };
		D947FDC82F306DAA00F527DC /* Preview Assets.xcassets */ = {isa = PBXFileReference; lastKnownFileType = folder.assetcatalog; path = "Preview Assets.xcassets"; sourceTree = "<group>"; };
		D947FDCE2F306DAB00F527DC /* NewsViperSWUITests.xctest */ = {isa = PBXFileReference; explicitFileType = wrapper.cfbundle; includeInIndex = 0; path = NewsViperSWUITests.xctest; sourceTree = BUILT_PRODUCTS_DIR; };
		D947FDD22F306DAB00F527DC /* NewsViperSWUITests.swift */ = {isa = PBXFileReference; lastKnownFileType = sourcecode.swift; path = NewsViperSWUITests.swift; sourceTree = "<group>"; };
		D947FDD82F306DAB00F527DC /* NewsViperSWUIUITests.xctest */ = {isa = PBXFileReference; explicitFileType = wrapper.cfbundle; includeInIndex = 0; path = NewsViperSWUIUITests.xctest; sourceTree = BUILT_PRODUCTS_DIR; };
		D947FDDC2F306DAB00F527DC /* NewsViperSWUIUITests.swift */ = {isa = PBXFileReference; lastKnownFileType = sourcecode.swift; path = NewsViperSWUIUITests.swift; sourceTree = "<group>"; };
		D947FDDE2F306DAB00F527DC /* NewsViperSWUIUITestsLaunchTests.swift */ = {isa = PBXFileReference; lastKnownFileType = sourcecode.swift; path = NewsViperSWUIUITestsLaunchTests.swift; sourceTree = "<group>"; };
		D947FDF02F30E90E00F527DC /* BaseService.swift */ = {isa = PBXFileReference; lastKnownFileType = sourcecode.swift; path = BaseService.swift; sourceTree = "<group>"; };
		D947FDF22F30E93100F527DC /* APIEndpointModel.swift */ = {isa = PBXFileReference; lastKnownFileType = sourcecode.swift; path = APIEndpointModel.swift; sourceTree = "<group>"; };
		D947FDF42F30E95600F527DC /* endpointsDev.plist */ = {isa = PBXFileReference; lastKnownFileType = text.plist.xml; path = endpointsDev.plist; sourceTree = "<group>"; };
		D947FDF62F30E99A00F527DC /* LaunchView.swift */ = {isa = PBXFileReference; lastKnownFileType = sourcecode.swift; path = LaunchView.swift; sourceTree = "<group>"; };
		D947FDF82F30E9B700F527DC /* HomeView.swift */ = {isa = PBXFileReference; lastKnownFileType = sourcecode.swift; path = HomeView.swift; sourceTree = "<group>"; };
		D947FDFA2F30E9D600F527DC /* PopularNewsView.swift */ = {isa = PBXFileReference; lastKnownFileType = sourcecode.swift; path = PopularNewsView.swift; sourceTree = "<group>"; };
		D947FDFC2F30EB5A00F527DC /* WebServicesNews.swift */ = {isa = PBXFileReference; lastKnownFileType = sourcecode.swift; path = WebServicesNews.swift; sourceTree = "<group>"; };
		D947FDFE2F30EB8800F527DC /* NewsResponse.swift */ = {isa = PBXFileReference; lastKnownFileType = sourcecode.swift; path = NewsResponse.swift; sourceTree = "<group>"; };
		D947FE002F30EEC000F527DC /* NewsInteractor.swift */ = {isa = PBXFileReference; lastKnownFileType = sourcecode.swift; path = NewsInteractor.swift; sourceTree = "<group>"; };
		D947FE022F30F00300F527DC /* NewsPresenter.swift */ = {isa = PBXFileReference; lastKnownFileType = sourcecode.swift; path = NewsPresenter.swift; sourceTree = "<group>"; };
		D947FE062F30F1FE00F527DC /* NewsRouter.swift */ = {isa = PBXFileReference; lastKnownFileType = sourcecode.swift; path = NewsRouter.swift; sourceTree = "<group>"; };
		D947FE082F30F28500F527DC /* DetailsNewsView.swift */ = {isa = PBXFileReference; lastKnownFileType = sourcecode.swift; path = DetailsNewsView.swift; sourceTree = "<group>"; };
/* End PBXFileReference section */

/* Begin PBXFrameworksBuildPhase section */
		D947FDBB2F306DA800F527DC /* Frameworks */ = {
			isa = PBXFrameworksBuildPhase;
			buildActionMask = 2147483647;
			files = (
			);
			runOnlyForDeploymentPostprocessing = 0;
		};
		D947FDCB2F306DAB00F527DC /* Frameworks */ = {
			isa = PBXFrameworksBuildPhase;
			buildActionMask = 2147483647;
			files = (
			);
			runOnlyForDeploymentPostprocessing = 0;
		};
		D947FDD52F306DAB00F527DC /* Frameworks */ = {
			isa = PBXFrameworksBuildPhase;
			buildActionMask = 2147483647;
			files = (
			);
			runOnlyForDeploymentPostprocessing = 0;
		};
/* End PBXFrameworksBuildPhase section */

/* Begin PBXGroup section */
		D947FDB52F306DA800F527DC = {
			isa = PBXGroup;
			children = (
				D947FDC02F306DA800F527DC /* NewsViperSWUI */,
				D947FDD12F306DAB00F527DC /* NewsViperSWUITests */,
				D947FDDB2F306DAB00F527DC /* NewsViperSWUIUITests */,
				D947FDBF2F306DA800F527DC /* Products */,
			);
			sourceTree = "<group>";
		};
		D947FDBF2F306DA800F527DC /* Products */ = {
			isa = PBXGroup;
			children = (
				D947FDBE2F306DA800F527DC /* NewsViperSWUI.app */,
				D947FDCE2F306DAB00F527DC /* NewsViperSWUITests.xctest */,
				D947FDD82F306DAB00F527DC /* NewsViperSWUIUITests.xctest */,
			);
			name = Products;
			sourceTree = "<group>";
		};
		D947FDC02F306DA800F527DC /* NewsViperSWUI */ = {
			isa = PBXGroup;
			children = (
				D947FDEF2F30E86F00F527DC /* Services */,
				D947FDEE2F30E85400F527DC /* Laucher */,
				D947FDED2F30E84A00F527DC /* Endpoints */,
				D947FDEC2F30E84000F527DC /* Views */,
				D947FDEB2F30E83A00F527DC /* Models */,
				D947FDC12F306DA800F527DC /* NewsViperSWUIApp.swift */,
				D947FDC32F306DA800F527DC /* ContentView.swift */,
				D947FDC52F306DAA00F527DC /* Assets.xcassets */,
				D947FDC72F306DAA00F527DC /* Preview Content */,
			);
			path = NewsViperSWUI;
			sourceTree = "<group>";
		};
		D947FDC72F306DAA00F527DC /* Preview Content */ = {
			isa = PBXGroup;
			children = (
				D947FDC82F306DAA00F527DC /* Preview Assets.xcassets */,
			);
			path = "Preview Content";
			sourceTree = "<group>";
		};
		D947FDD12F306DAB00F527DC /* NewsViperSWUITests */ = {
			isa = PBXGroup;
			children = (
				D947FDD22F306DAB00F527DC /* NewsViperSWUITests.swift */,
			);
			path = NewsViperSWUITests;
			sourceTree = "<group>";
		};
		D947FDDB2F306DAB00F527DC /* NewsViperSWUIUITests */ = {
			isa = PBXGroup;
			children = (
				D947FDDC2F306DAB00F527DC /* NewsViperSWUIUITests.swift */,
				D947FDDE2F306DAB00F527DC /* NewsViperSWUIUITestsLaunchTests.swift */,
			);
			path = NewsViperSWUIUITests;
			sourceTree = "<group>";
		};
		D947FDEB2F30E83A00F527DC /* Models */ = {
			isa = PBXGroup;
			children = (
				D947FDF22F30E93100F527DC /* APIEndpointModel.swift */,
				D947FDFE2F30EB8800F527DC /* NewsResponse.swift */,
			);
			path = Models;
			sourceTree = "<group>";
		};
		D947FDEC2F30E84000F527DC /* Views */ = {
			isa = PBXGroup;
			children = (
				D947FDF82F30E9B700F527DC /* HomeView.swift */,
				D947FDFA2F30E9D600F527DC /* PopularNewsView.swift */,
				D947FE002F30EEC000F527DC /* NewsInteractor.swift */,
				D947FE022F30F00300F527DC /* NewsPresenter.swift */,
				D947FE062F30F1FE00F527DC /* NewsRouter.swift */,
				D947FE082F30F28500F527DC /* DetailsNewsView.swift */,
			);
			path = Views;
			sourceTree = "<group>";
		};
		D947FDED2F30E84A00F527DC /* Endpoints */ = {
			isa = PBXGroup;
			children = (
				D947FDF42F30E95600F527DC /* endpointsDev.plist */,
			);
			path = Endpoints;
			sourceTree = "<group>";
		};
		D947FDEE2F30E85400F527DC /* Laucher */ = {
			isa = PBXGroup;
			children = (
				D947FDF62F30E99A00F527DC /* LaunchView.swift */,
			);
			path = Laucher;
			sourceTree = "<group>";
		};
		D947FDEF2F30E86F00F527DC /* Services */ = {
			isa = PBXGroup;
			children = (
				D947FDF02F30E90E00F527DC /* BaseService.swift */,
				D947FDFC2F30EB5A00F527DC /* WebServicesNews.swift */,
			);
			path = Services;
			sourceTree = "<group>";
		};
/* End PBXGroup section */

/* Begin PBXNativeTarget section */
		D947FDBD2F306DA800F527DC /* NewsViperSWUI */ = {
			isa = PBXNativeTarget;
			buildConfigurationList = D947FDE22F306DAB00F527DC /* Build configuration list for PBXNativeTarget "NewsViperSWUI" */;
			buildPhases = (
				D947FDBA2F306DA800F527DC /* Sources */,
				D947FDBB2F306DA800F527DC /* Frameworks */,
				D947FDBC2F306DA800F527DC /* Resources */,
			);
			buildRules = (
			);
			dependencies = (
			);
			name = NewsViperSWUI;
			productName = NewsViperSWUI;
			productReference = D947FDBE2F306DA800F527DC /* NewsViperSWUI.app */;
			productType = "com.apple.product-type.application";
		};
		D947FDCD2F306DAB00F527DC /* NewsViperSWUITests */ = {
			isa = PBXNativeTarget;
			buildConfigurationList = D947FDE52F306DAB00F527DC /* Build configuration list for PBXNativeTarget "NewsViperSWUITests" */;
			buildPhases = (
				D947FDCA2F306DAB00F527DC /* Sources */,
				D947FDCB2F306DAB00F527DC /* Frameworks */,
				D947FDCC2F306DAB00F527DC /* Resources */,
			);
			buildRules = (
			);
			dependencies = (
				D947FDD02F306DAB00F527DC /* PBXTargetDependency */,
			);
			name = NewsViperSWUITests;
			productName = NewsViperSWUITests;
			productReference = D947FDCE2F306DAB00F527DC /* NewsViperSWUITests.xctest */;
			productType = "com.apple.product-type.bundle.unit-test";
		};
		D947FDD72F306DAB00F527DC /* NewsViperSWUIUITests */ = {
			isa = PBXNativeTarget;
			buildConfigurationList = D947FDE82F306DAB00F527DC /* Build configuration list for PBXNativeTarget "NewsViperSWUIUITests" */;
			buildPhases = (
				D947FDD42F306DAB00F527DC /* Sources */,
				D947FDD52F306DAB00F527DC /* Frameworks */,
				D947FDD62F306DAB00F527DC /* Resources */,
			);
			buildRules = (
			);
			dependencies = (
				D947FDDA2F306DAB00F527DC /* PBXTargetDependency */,
			);
			name = NewsViperSWUIUITests;
			productName = NewsViperSWUIUITests;
			productReference = D947FDD82F306DAB00F527DC /* NewsViperSWUIUITests.xctest */;
			productType = "com.apple.product-type.bundle.ui-testing";
		};
/* End PBXNativeTarget section */

/* Begin PBXProject section */
		D947FDB62F306DA800F527DC /* Project object */ = {
			isa = PBXProject;
			attributes = {
				BuildIndependentTargetsInParallel = 1;
				LastSwiftUpdateCheck = 1520;
				LastUpgradeCheck = 1520;
				TargetAttributes = {
					D947FDBD2F306DA800F527DC = {
						CreatedOnToolsVersion = 15.2;
					};
					D947FDCD2F306DAB00F527DC = {
						CreatedOnToolsVersion = 15.2;
						TestTargetID = D947FDBD2F306DA800F527DC;
					};
					D947FDD72F306DAB00F527DC = {
						CreatedOnToolsVersion = 15.2;
						TestTargetID = D947FDBD2F306DA800F527DC;
					};
				};
			};
			buildConfigurationList = D947FDB92F306DA800F527DC /* Build configuration list for PBXProject "NewsViperSWUI" */;
			compatibilityVersion = "Xcode 14.0";
			developmentRegion = en;
			hasScannedForEncodings = 0;
			knownRegions = (
				en,
				Base,
			);
			mainGroup = D947FDB52F306DA800F527DC;
			productRefGroup = D947FDBF2F306DA800F527DC /* Products */;
			projectDirPath = "";
			projectRoot = "";
			targets = (
				D947FDBD2F306DA800F527DC /* NewsViperSWUI */,
				D947FDCD2F306DAB00F527DC /* NewsViperSWUITests */,
				D947FDD72F306DAB00F527DC /* NewsViperSWUIUITests */,
			);
		};
/* End PBXProject section */

/* Begin PBXResourcesBuildPhase section */
		D947FDBC2F306DA800F527DC /* Resources */ = {
			isa = PBXResourcesBuildPhase;
			buildActionMask = 2147483647;
			files = (
				D947FDF52F30E95600F527DC /* endpointsDev.plist in Resources */,
				D947FDC92F306DAA00F527DC /* Preview Assets.xcassets in Resources */,
				D947FDC62F306DAA00F527DC /* Assets.xcassets in Resources */,
			);
			runOnlyForDeploymentPostprocessing = 0;
		};
		D947FDCC2F306DAB00F527DC /* Resources */ = {
			isa = PBXResourcesBuildPhase;
			buildActionMask = 2147483647;
			files = (
			);
			runOnlyForDeploymentPostprocessing = 0;
		};
		D947FDD62F306DAB00F527DC /* Resources */ = {
			isa = PBXResourcesBuildPhase;
			buildActionMask = 2147483647;
			files = (
			);
			runOnlyForDeploymentPostprocessing = 0;
		};
/* End PBXResourcesBuildPhase section */

/* Begin PBXSourcesBuildPhase section */
		D947FDBA2F306DA800F527DC /* Sources */ = {
			isa = PBXSourcesBuildPhase;
			buildActionMask = 2147483647;
			files = (
				D947FE092F30F28500F527DC /* DetailsNewsView.swift in Sources */,
				D947FDC42F306DA800F527DC /* ContentView.swift in Sources */,
				D947FE072F30F1FE00F527DC /* NewsRouter.swift in Sources */,
				D947FDF72F30E99A00F527DC /* LaunchView.swift in Sources */,
				D947FDF32F30E93100F527DC /* APIEndpointModel.swift in Sources */,
				D947FE012F30EEC000F527DC /* NewsInteractor.swift in Sources */,
				D947FE032F30F00300F527DC /* NewsPresenter.swift in Sources */,
				D947FDFB2F30E9D600F527DC /* PopularNewsView.swift in Sources */,
				D947FDF92F30E9B700F527DC /* HomeView.swift in Sources */,
				D947FDFF2F30EB8800F527DC /* NewsResponse.swift in Sources */,
				D947FDC22F306DA800F527DC /* NewsViperSWUIApp.swift in Sources */,
				D947FDF12F30E90E00F527DC /* BaseService.swift in Sources */,
				D947FDFD2F30EB5A00F527DC /* WebServicesNews.swift in Sources */,
			);
			runOnlyForDeploymentPostprocessing = 0;
		};
		D947FDCA2F306DAB00F527DC /* Sources */ = {
			isa = PBXSourcesBuildPhase;
			buildActionMask = 2147483647;
			files = (
				D947FDD32F306DAB00F527DC /* NewsViperSWUITests.swift in Sources */,
			);
			runOnlyForDeploymentPostprocessing = 0;
		};
		D947FDD42F306DAB00F527DC /* Sources */ = {
			isa = PBXSourcesBuildPhase;
			buildActionMask = 2147483647;
			files = (
				D947FDDF2F306DAB00F527DC /* NewsViperSWUIUITestsLaunchTests.swift in Sources */,
				D947FDDD2F306DAB00F527DC /* NewsViperSWUIUITests.swift in Sources */,
			);
			runOnlyForDeploymentPostprocessing = 0;
		};
/* End PBXSourcesBuildPhase section */

/* Begin PBXTargetDependency section */
		D947FDD02F306DAB00F527DC /* PBXTargetDependency */ = {
			isa = PBXTargetDependency;
			target = D947FDBD2F306DA800F527DC /* NewsViperSWUI */;
			targetProxy = D947FDCF2F306DAB00F527DC /* PBXContainerItemProxy */;
		};
		D947FDDA2F306DAB00F527DC /* PBXTargetDependency */ = {
			isa = PBXTargetDependency;
			target = D947FDBD2F306DA800F527DC /* NewsViperSWUI */;
			targetProxy = D947FDD92F306DAB00F527DC /* PBXContainerItemProxy */;
		};
/* End PBXTargetDependency section */

/* Begin XCBuildConfiguration section */
		D947FDE02F306DAB00F527DC /* Debug */ = {
			isa = XCBuildConfiguration;
			buildSettings = {
				ALWAYS_SEARCH_USER_PATHS = NO;
				ASSETCATALOG_COMPILER_GENERATE_SWIFT_ASSET_SYMBOL_EXTENSIONS = YES;
				CLANG_ANALYZER_NONNULL = YES;
				CLANG_ANALYZER_NUMBER_OBJECT_CONVERSION = YES_AGGRESSIVE;
				CLANG_CXX_LANGUAGE_STANDARD = "gnu++20";
				CLANG_ENABLE_MODULES = YES;
				CLANG_ENABLE_OBJC_ARC = YES;
				CLANG_ENABLE_OBJC_WEAK = YES;
				CLANG_WARN_BLOCK_CAPTURE_AUTORELEASING = YES;
				CLANG_WARN_BOOL_CONVERSION = YES;
				CLANG_WARN_COMMA = YES;
				CLANG_WARN_CONSTANT_CONVERSION = YES;
				CLANG_WARN_DEPRECATED_OBJC_IMPLEMENTATIONS = YES;
				CLANG_WARN_DIRECT_OBJC_ISA_USAGE = YES_ERROR;
				CLANG_WARN_DOCUMENTATION_COMMENTS = YES;
				CLANG_WARN_EMPTY_BODY = YES;
				CLANG_WARN_ENUM_CONVERSION = YES;
				CLANG_WARN_INFINITE_RECURSION = YES;
				CLANG_WARN_INT_CONVERSION = YES;
				CLANG_WARN_NON_LITERAL_NULL_CONVERSION = YES;
				CLANG_WARN_OBJC_IMPLICIT_RETAIN_SELF = YES;
				CLANG_WARN_OBJC_LITERAL_CONVERSION = YES;
				CLANG_WARN_OBJC_ROOT_CLASS = YES_ERROR;
				CLANG_WARN_QUOTED_INCLUDE_IN_FRAMEWORK_HEADER = YES;
				CLANG_WARN_RANGE_LOOP_ANALYSIS = YES;
				CLANG_WARN_STRICT_PROTOTYPES = YES;
				CLANG_WARN_SUSPICIOUS_MOVE = YES;
				CLANG_WARN_UNGUARDED_AVAILABILITY = YES_AGGRESSIVE;
				CLANG_WARN_UNREACHABLE_CODE = YES;
				CLANG_WARN__DUPLICATE_METHOD_MATCH = YES;
				COPY_PHASE_STRIP = NO;
				DEBUG_INFORMATION_FORMAT = dwarf;
				ENABLE_STRICT_OBJC_MSGSEND = YES;
				ENABLE_TESTABILITY = YES;
				ENABLE_USER_SCRIPT_SANDBOXING = YES;
				GCC_C_LANGUAGE_STANDARD = gnu17;
				GCC_DYNAMIC_NO_PIC = NO;
				GCC_NO_COMMON_BLOCKS = YES;
				GCC_OPTIMIZATION_LEVEL = 0;
				GCC_PREPROCESSOR_DEFINITIONS = (
					"DEBUG=1",
					"$(inherited)",
				);
				GCC_WARN_64_TO_32_BIT_CONVERSION = YES;
				GCC_WARN_ABOUT_RETURN_TYPE = YES_ERROR;
				GCC_WARN_UNDECLARED_SELECTOR = YES;
				GCC_WARN_UNINITIALIZED_AUTOS = YES_AGGRESSIVE;
				GCC_WARN_UNUSED_FUNCTION = YES;
				GCC_WARN_UNUSED_VARIABLE = YES;
				IPHONEOS_DEPLOYMENT_TARGET = 17.2;
				LOCALIZATION_PREFERS_STRING_CATALOGS = YES;
				MTL_ENABLE_DEBUG_INFO = INCLUDE_SOURCE;
				MTL_FAST_MATH = YES;
				ONLY_ACTIVE_ARCH = YES;
				SDKROOT = iphoneos;
				SWIFT_ACTIVE_COMPILATION_CONDITIONS = "DEBUG $(inherited)";
				SWIFT_OPTIMIZATION_LEVEL = "-Onone";
			};
			name = Debug;
		};
		D947FDE12F306DAB00F527DC /* Release */ = {
			isa = XCBuildConfiguration;
			buildSettings = {
				ALWAYS_SEARCH_USER_PATHS = NO;
				ASSETCATALOG_COMPILER_GENERATE_SWIFT_ASSET_SYMBOL_EXTENSIONS = YES;
				CLANG_ANALYZER_NONNULL = YES;
				CLANG_ANALYZER_NUMBER_OBJECT_CONVERSION = YES_AGGRESSIVE;
				CLANG_CXX_LANGUAGE_STANDARD = "gnu++20";
				CLANG_ENABLE_MODULES = YES;
				CLANG_ENABLE_OBJC_ARC = YES;
				CLANG_ENABLE_OBJC_WEAK = YES;
				CLANG_WARN_BLOCK_CAPTURE_AUTORELEASING = YES;
				CLANG_WARN_BOOL_CONVERSION = YES;
				CLANG_WARN_COMMA = YES;
				CLANG_WARN_CONSTANT_CONVERSION = YES;
				CLANG_WARN_DEPRECATED_OBJC_IMPLEMENTATIONS = YES;
				CLANG_WARN_DIRECT_OBJC_ISA_USAGE = YES_ERROR;
				CLANG_WARN_DOCUMENTATION_COMMENTS = YES;
				CLANG_WARN_EMPTY_BODY = YES;
				CLANG_WARN_ENUM_CONVERSION = YES;
				CLANG_WARN_INFINITE_RECURSION = YES;
				CLANG_WARN_INT_CONVERSION = YES;
				CLANG_WARN_NON_LITERAL_NULL_CONVERSION = YES;
				CLANG_WARN_OBJC_IMPLICIT_RETAIN_SELF = YES;
				CLANG_WARN_OBJC_LITERAL_CONVERSION = YES;
				CLANG_WARN_OBJC_ROOT_CLASS = YES_ERROR;
				CLANG_WARN_QUOTED_INCLUDE_IN_FRAMEWORK_HEADER = YES;
				CLANG_WARN_RANGE_LOOP_ANALYSIS = YES;
				CLANG_WARN_STRICT_PROTOTYPES = YES;
				CLANG_WARN_SUSPICIOUS_MOVE = YES;
				CLANG_WARN_UNGUARDED_AVAILABILITY = YES_AGGRESSIVE;
				CLANG_WARN_UNREACHABLE_CODE = YES;
				CLANG_WARN__DUPLICATE_METHOD_MATCH = YES;
				COPY_PHASE_STRIP = NO;
				DEBUG_INFORMATION_FORMAT = "dwarf-with-dsym";
				ENABLE_NS_ASSERTIONS = NO;
				ENABLE_STRICT_OBJC_MSGSEND = YES;
				ENABLE_USER_SCRIPT_SANDBOXING = YES;
				GCC_C_LANGUAGE_STANDARD = gnu17;
				GCC_NO_COMMON_BLOCKS = YES;
				GCC_WARN_64_TO_32_BIT_CONVERSION = YES;
				GCC_WARN_ABOUT_RETURN_TYPE = YES_ERROR;
				GCC_WARN_UNDECLARED_SELECTOR = YES;
				GCC_WARN_UNINITIALIZED_AUTOS = YES_AGGRESSIVE;
				GCC_WARN_UNUSED_FUNCTION = YES;
				GCC_WARN_UNUSED_VARIABLE = YES;
				IPHONEOS_DEPLOYMENT_TARGET = 17.2;
				LOCALIZATION_PREFERS_STRING_CATALOGS = YES;
				MTL_ENABLE_DEBUG_INFO = NO;
				MTL_FAST_MATH = YES;
				SDKROOT = iphoneos;
				SWIFT_COMPILATION_MODE = wholemodule;
				VALIDATE_PRODUCT = YES;
			};
			name = Release;
		};
		D947FDE32F306DAB00F527DC /* Debug */ = {
			isa = XCBuildConfiguration;
			buildSettings = {
				ASSETCATALOG_COMPILER_APPICON_NAME = AppIcon;
				ASSETCATALOG_COMPILER_GLOBAL_ACCENT_COLOR_NAME = AccentColor;
				CODE_SIGN_STYLE = Automatic;
				CURRENT_PROJECT_VERSION = 1;
				DEVELOPMENT_ASSET_PATHS = "\"NewsViperSWUI/Preview Content\"";
				DEVELOPMENT_TEAM = 2U7FA696SS;
				ENABLE_PREVIEWS = YES;
				GENERATE_INFOPLIST_FILE = YES;
				INFOPLIST_KEY_UIApplicationSceneManifest_Generation = YES;
				INFOPLIST_KEY_UIApplicationSupportsIndirectInputEvents = YES;
				INFOPLIST_KEY_UILaunchScreen_Generation = YES;
				INFOPLIST_KEY_UISupportedInterfaceOrientations_iPad = "UIInterfaceOrientationPortrait UIInterfaceOrientationPortraitUpsideDown UIInterfaceOrientationLandscapeLeft UIInterfaceOrientationLandscapeRight";
				INFOPLIST_KEY_UISupportedInterfaceOrientations_iPhone = "UIInterfaceOrientationPortrait UIInterfaceOrientationLandscapeLeft UIInterfaceOrientationLandscapeRight";
				LD_RUNPATH_SEARCH_PATHS = (
					"$(inherited)",
					"@executable_path/Frameworks",
				);
				MARKETING_VERSION = 1.0;
				PRODUCT_BUNDLE_IDENTIFIER = korbek.NewsViperSWUI;
				PRODUCT_NAME = "$(TARGET_NAME)";
				SWIFT_EMIT_LOC_STRINGS = YES;
				SWIFT_VERSION = 5.0;
				TARGETED_DEVICE_FAMILY = "1,2";
			};
			name = Debug;
		};
		D947FDE42F306DAB00F527DC /* Release */ = {
			isa = XCBuildConfiguration;
			buildSettings = {
				ASSETCATALOG_COMPILER_APPICON_NAME = AppIcon;
				ASSETCATALOG_COMPILER_GLOBAL_ACCENT_COLOR_NAME = AccentColor;
				CODE_SIGN_STYLE = Automatic;
				CURRENT_PROJECT_VERSION = 1;
				DEVELOPMENT_ASSET_PATHS = "\"NewsViperSWUI/Preview Content\"";
				DEVELOPMENT_TEAM = 2U7FA696SS;
				ENABLE_PREVIEWS = YES;
				GENERATE_INFOPLIST_FILE = YES;
				INFOPLIST_KEY_UIApplicationSceneManifest_Generation = YES;
				INFOPLIST_KEY_UIApplicationSupportsIndirectInputEvents = YES;
				INFOPLIST_KEY_UILaunchScreen_Generation = YES;
				INFOPLIST_KEY_UISupportedInterfaceOrientations_iPad = "UIInterfaceOrientationPortrait UIInterfaceOrientationPortraitUpsideDown UIInterfaceOrientationLandscapeLeft UIInterfaceOrientationLandscapeRight";
				INFOPLIST_KEY_UISupportedInterfaceOrientations_iPhone = "UIInterfaceOrientationPortrait UIInterfaceOrientationLandscapeLeft UIInterfaceOrientationLandscapeRight";
				LD_RUNPATH_SEARCH_PATHS = (
					"$(inherited)",
					"@executable_path/Frameworks",
				);
				MARKETING_VERSION = 1.0;
				PRODUCT_BUNDLE_IDENTIFIER = korbek.NewsViperSWUI;
				PRODUCT_NAME = "$(TARGET_NAME)";
				SWIFT_EMIT_LOC_STRINGS = YES;
				SWIFT_VERSION = 5.0;
				TARGETED_DEVICE_FAMILY = "1,2";
			};
			name = Release;
		};
		D947FDE62F306DAB00F527DC /* Debug */ = {
			isa = XCBuildConfiguration;
			buildSettings = {
				ALWAYS_EMBED_SWIFT_STANDARD_LIBRARIES = YES;
				BUNDLE_LOADER = "$(TEST_HOST)";
				CODE_SIGN_STYLE = Automatic;
				CURRENT_PROJECT_VERSION = 1;
				DEVELOPMENT_TEAM = 2U7FA696SS;
				GENERATE_INFOPLIST_FILE = YES;
				IPHONEOS_DEPLOYMENT_TARGET = 17.2;
				MARKETING_VERSION = 1.0;
				PRODUCT_BUNDLE_IDENTIFIER = korbek.NewsViperSWUITests;
				PRODUCT_NAME = "$(TARGET_NAME)";
				SWIFT_EMIT_LOC_STRINGS = NO;
				SWIFT_VERSION = 5.0;
				TARGETED_DEVICE_FAMILY = "1,2";
				TEST_HOST = "$(BUILT_PRODUCTS_DIR)/NewsViperSWUI.app/$(BUNDLE_EXECUTABLE_FOLDER_PATH)/NewsViperSWUI";
			};
			name = Debug;
		};
		D947FDE72F306DAB00F527DC /* Release */ = {
			isa = XCBuildConfiguration;
			buildSettings = {
				ALWAYS_EMBED_SWIFT_STANDARD_LIBRARIES = YES;
				BUNDLE_LOADER = "$(TEST_HOST)";
				CODE_SIGN_STYLE = Automatic;
				CURRENT_PROJECT_VERSION = 1;
				DEVELOPMENT_TEAM = 2U7FA696SS;
				GENERATE_INFOPLIST_FILE = YES;
				IPHONEOS_DEPLOYMENT_TARGET = 17.2;
				MARKETING_VERSION = 1.0;
				PRODUCT_BUNDLE_IDENTIFIER = korbek.NewsViperSWUITests;
				PRODUCT_NAME = "$(TARGET_NAME)";
				SWIFT_EMIT_LOC_STRINGS = NO;
				SWIFT_VERSION = 5.0;
				TARGETED_DEVICE_FAMILY = "1,2";
				TEST_HOST = "$(BUILT_PRODUCTS_DIR)/NewsViperSWUI.app/$(BUNDLE_EXECUTABLE_FOLDER_PATH)/NewsViperSWUI";
			};
			name = Release;
		};
		D947FDE92F306DAB00F527DC /* Debug */ = {
			isa = XCBuildConfiguration;
			buildSettings = {
				ALWAYS_EMBED_SWIFT_STANDARD_LIBRARIES = YES;
				CODE_SIGN_STYLE = Automatic;
				CURRENT_PROJECT_VERSION = 1;
				DEVELOPMENT_TEAM = 2U7FA696SS;
				GENERATE_INFOPLIST_FILE = YES;
				MARKETING_VERSION = 1.0;
				PRODUCT_BUNDLE_IDENTIFIER = korbek.NewsViperSWUIUITests;
				PRODUCT_NAME = "$(TARGET_NAME)";
				SWIFT_EMIT_LOC_STRINGS = NO;
				SWIFT_VERSION = 5.0;
				TARGETED_DEVICE_FAMILY = "1,2";
				TEST_TARGET_NAME = NewsViperSWUI;
			};
			name = Debug;
		};
		D947FDEA2F306DAB00F527DC /* Release */ = {
			isa = XCBuildConfiguration;
			buildSettings = {
				ALWAYS_EMBED_SWIFT_STANDARD_LIBRARIES = YES;
				CODE_SIGN_STYLE = Automatic;
				CURRENT_PROJECT_VERSION = 1;
				DEVELOPMENT_TEAM = 2U7FA696SS;
				GENERATE_INFOPLIST_FILE = YES;
				MARKETING_VERSION = 1.0;
				PRODUCT_BUNDLE_IDENTIFIER = korbek.NewsViperSWUIUITests;
				PRODUCT_NAME = "$(TARGET_NAME)";
				SWIFT_EMIT_LOC_STRINGS = NO;
				SWIFT_VERSION = 5.0;
				TARGETED_DEVICE_FAMILY = "1,2";
				TEST_TARGET_NAME = NewsViperSWUI;
			};
			name = Release;
		};
/* End XCBuildConfiguration section */

/* Begin XCConfigurationList section */
		D947FDB92F306DA800F527DC /* Build configuration list for PBXProject "NewsViperSWUI" */ = {
			isa = XCConfigurationList;
			buildConfigurations = (
				D947FDE02F306DAB00F527DC /* Debug */,
				D947FDE12F306DAB00F527DC /* Release */,
			);
			defaultConfigurationIsVisible = 0;
			defaultConfigurationName = Release;
		};
		D947FDE22F306DAB00F527DC /* Build configuration list for PBXNativeTarget "NewsViperSWUI" */ = {
			isa = XCConfigurationList;
			buildConfigurations = (
				D947FDE32F306DAB00F527DC /* Debug */,
				D947FDE42F306DAB00F527DC /* Release */,
			);
			defaultConfigurationIsVisible = 0;
			defaultConfigurationName = Release;
		};
		D947FDE52F306DAB00F527DC /* Build configuration list for PBXNativeTarget "NewsViperSWUITests" */ = {
			isa = XCConfigurationList;
			buildConfigurations = (
				D947FDE62F306DAB00F527DC /* Debug */,
				D947FDE72F306DAB00F527DC /* Release */,
			);
			defaultConfigurationIsVisible = 0;
			defaultConfigurationName = Release;
		};
		D947FDE82F306DAB00F527DC /* Build configuration list for PBXNativeTarget "NewsViperSWUIUITests" */ = {
			isa = XCConfigurationList;
			buildConfigurations = (
				D947FDE92F306DAB00F527DC /* Debug */,
				D947FDEA2F306DAB00F527DC /* Release */,
			);
			defaultConfigurationIsVisible = 0;
			defaultConfigurationName = Release;
		};
/* End XCConfigurationList section */
	};
	rootObject = D947FDB62F306DA800F527DC /* Project object */;
}
